// !$*UTF8*$!
{
	archiveVersion = 1;
	classes = {
	};
	objectVersion = 46;
	objects = {

/* Begin PBXBuildFile section */
		3C2C4A201F6D2A540091F4D8 /* AppDelegate.swift in Sources */ = {isa = PBXBuildFile; fileRef = 3C2C4A1F1F6D2A540091F4D8 /* AppDelegate.swift */; };
		3C2C4A221F6D2A540091F4D8 /* ViewController.swift in Sources */ = {isa = PBXBuildFile; fileRef = 3C2C4A211F6D2A540091F4D8 /* ViewController.swift */; };
		3C2C4A251F6D2A540091F4D8 /* Main.storyboard in Resources */ = {isa = PBXBuildFile; fileRef = 3C2C4A231F6D2A540091F4D8 /* Main.storyboard */; };
		3C2C4A271F6D2A540091F4D8 /* Assets.xcassets in Resources */ = {isa = PBXBuildFile; fileRef = 3C2C4A261F6D2A540091F4D8 /* Assets.xcassets */; };
		3C2C4A2A1F6D2A540091F4D8 /* LaunchScreen.storyboard in Resources */ = {isa = PBXBuildFile; fileRef = 3C2C4A281F6D2A540091F4D8 /* LaunchScreen.storyboard */; };
/* End PBXBuildFile section */

/* Begin PBXFileReference section */
		3C2C4A1C1F6D2A540091F4D8 /* OnTheMap.app */ = {isa = PBXFileReference; explicitFileType = wrapper.application; includeInIndex = 0; path = OnTheMap.app; sourceTree = BUILT_PRODUCTS_DIR; };
		3C2C4A1F1F6D2A540091F4D8 /* AppDelegate.swift */ = {isa = PBXFileReference; lastKnownFileType = sourcecode.swift; path = AppDelegate.swift; sourceTree = "<group>"; };
		3C2C4A211F6D2A540091F4D8 /* ViewController.swift */ = {isa = PBXFileReference; lastKnownFileType = sourcecode.swift; path = ViewController.swift; sourceTree = "<group>"; };
		3C2C4A241F6D2A540091F4D8 /* Base */ = {isa = PBXFileReference; lastKnownFileType = file.storyboard; name = Base; path = Base.lproj/Main.storyboard; sourceTree = "<group>"; };
		3C2C4A261F6D2A540091F4D8 /* Assets.xcassets */ = {isa = PBXFileReference; lastKnownFileType = folder.assetcatalog; path = Assets.xcassets; sourceTree = "<group>"; };
		3C2C4A291F6D2A540091F4D8 /* Base */ = {isa = PBXFileReference; lastKnownFileType = file.storyboard; name = Base; path = Base.lproj/LaunchScreen.storyboard; sourceTree = "<group>"; };
		3C2C4A2B1F6D2A540091F4D8 /* Info.plist */ = {isa = PBXFileReference; lastKnownFileType = text.plist.xml; path = Info.plist; sourceTree = "<group>"; };
/* End PBXFileReference section */

/* Begin PBXFrameworksBuildPhase section */
		3C2C4A191F6D2A540091F4D8 /* Frameworks */ = {
			isa = PBXFrameworksBuildPhase;
			buildActionMask = 2147483647;
			files = (
			);
			runOnlyForDeploymentPostprocessing = 0;
		};
/* End PBXFrameworksBuildPhase section */

/* Begin PBXGroup section */
		3C2C4A131F6D2A530091F4D8 = {
			isa = PBXGroup;
			children = (
				3C2C4A1E1F6D2A540091F4D8 /* OnTheMap */,
				3C2C4A1D1F6D2A540091F4D8 /* Products */,
			);
			sourceTree = "<group>";
		};
		3C2C4A1D1F6D2A540091F4D8 /* Products */ = {
			isa = PBXGroup;
			children = (
				3C2C4A1C1F6D2A540091F4D8 /* OnTheMap.app */,
			);
			name = Products;
			sourceTree = "<group>";
		};
		3C2C4A1E1F6D2A540091F4D8 /* OnTheMap */ = {
			isa = PBXGroup;
			children = (
				3C2C4A1F1F6D2A540091F4D8 /* AppDelegate.swift */,
				3C2C4A311F6D2A690091F4D8 /* Model */,
				3C2C4A321F6D2A6F0091F4D8 /* View */,
				3C2C4A331F6D2A780091F4D8 /* Controller */,
				3C2C4A341F6D2A9C0091F4D8 /* Assets */,
				3C2C4A351F6D2AA50091F4D8 /* Supporting Files */,
			);
			path = OnTheMap;
			sourceTree = "<group>";
		};
		3C2C4A311F6D2A690091F4D8 /* Model */ = {
			isa = PBXGroup;
			children = (
				3C2C4A361F6D2ACF0091F4D8 /* Clients */,
			);
			name = Model;
			sourceTree = "<group>";
		};
		3C2C4A321F6D2A6F0091F4D8 /* View */ = {
			isa = PBXGroup;
			children = (
			);
			name = View;
			sourceTree = "<group>";
		};
		3C2C4A331F6D2A780091F4D8 /* Controller */ = {
			isa = PBXGroup;
			children = (
				3C2C4A211F6D2A540091F4D8 /* ViewController.swift */,
			);
			name = Controller;
			sourceTree = "<group>";
		};
		3C2C4A341F6D2A9C0091F4D8 /* Assets */ = {
			isa = PBXGroup;
			children = (
				3C2C4A231F6D2A540091F4D8 /* Main.storyboard */,
				3C2C4A261F6D2A540091F4D8 /* Assets.xcassets */,
				3C2C4A281F6D2A540091F4D8 /* LaunchScreen.storyboard */,
			);
			name = Assets;
			sourceTree = "<group>";
		};
		3C2C4A351F6D2AA50091F4D8 /* Supporting Files */ = {
			isa = PBXGroup;
			children = (
				3C2C4A2B1F6D2A540091F4D8 /* Info.plist */,
			);
			name = "Supporting Files";
			sourceTree = "<group>";
		};
		3C2C4A361F6D2ACF0091F4D8 /* Clients */ = {
			isa = PBXGroup;
			children = (
				3C2C4A381F6D2ADB0091F4D8 /* Udacity */,
				3C2C4A371F6D2AD50091F4D8 /* Parse */,
			);
			name = Clients;
			sourceTree = "<group>";
		};
		3C2C4A371F6D2AD50091F4D8 /* Parse */ = {
			isa = PBXGroup;
			children = (
			);
			name = Parse;
			sourceTree = "<group>";
		};
		3C2C4A381F6D2ADB0091F4D8 /* Udacity */ = {
			isa = PBXGroup;
			children = (
			);
			name = Udacity;
			sourceTree = "<group>";
		};
/* End PBXGroup section */

/* Begin PBXNativeTarget section */
		3C2C4A1B1F6D2A540091F4D8 /* OnTheMap */ = {
			isa = PBXNativeTarget;
			buildConfigurationList = 3C2C4A2E1F6D2A540091F4D8 /* Build configuration list for PBXNativeTarget "OnTheMap" */;
			buildPhases = (
				3C2C4A181F6D2A540091F4D8 /* Sources */,
				3C2C4A191F6D2A540091F4D8 /* Frameworks */,
				3C2C4A1A1F6D2A540091F4D8 /* Resources */,
			);
			buildRules = (
			);
			dependencies = (
			);
			name = OnTheMap;
			productName = OnTheMap;
			productReference = 3C2C4A1C1F6D2A540091F4D8 /* OnTheMap.app */;
			productType = "com.apple.product-type.application";
		};
/* End PBXNativeTarget section */

/* Begin PBXProject section */
		3C2C4A141F6D2A530091F4D8 /* Project object */ = {
			isa = PBXProject;
			attributes = {
				LastSwiftUpdateCheck = 0830;
				LastUpgradeCheck = 0830;
				ORGANIZATIONNAME = Cotery;
				TargetAttributes = {
					3C2C4A1B1F6D2A540091F4D8 = {
						CreatedOnToolsVersion = 8.3.3;
						DevelopmentTeam = KFNAAK48FE;
						ProvisioningStyle = Automatic;
					};
				};
			};
			buildConfigurationList = 3C2C4A171F6D2A530091F4D8 /* Build configuration list for PBXProject "OnTheMap" */;
			compatibilityVersion = "Xcode 3.2";
			developmentRegion = English;
			hasScannedForEncodings = 0;
			knownRegions = (
				en,
				Base,
			);
			mainGroup = 3C2C4A131F6D2A530091F4D8;
			productRefGroup = 3C2C4A1D1F6D2A540091F4D8 /* Products */;
			projectDirPath = "";
			projectRoot = "";
			targets = (
				3C2C4A1B1F6D2A540091F4D8 /* OnTheMap */,
			);
		};
/* End PBXProject section */

/* Begin PBXResourcesBuildPhase section */
		3C2C4A1A1F6D2A540091F4D8 /* Resources */ = {
			isa = PBXResourcesBuildPhase;
			buildActionMask = 2147483647;
			files = (
				3C2C4A2A1F6D2A540091F4D8 /* LaunchScreen.storyboard in Resources */,
				3C2C4A271F6D2A540091F4D8 /* Assets.xcassets in Resources */,
				3C2C4A251F6D2A540091F4D8 /* Main.storyboard in Resources */,
			);
			runOnlyForDeploymentPostprocessing = 0;
		};
/* End PBXResourcesBuildPhase section */

/* Begin PBXSourcesBuildPhase section */
		3C2C4A181F6D2A540091F4D8 /* Sources */ = {
			isa = PBXSourcesBuildPhase;
			buildActionMask = 2147483647;
			files = (
				3C2C4A221F6D2A540091F4D8 /* ViewController.swift in Sources */,
				3C2C4A201F6D2A540091F4D8 /* AppDelegate.swift in Sources */,
			);
			runOnlyForDeploymentPostprocessing = 0;
		};
/* End PBXSourcesBuildPhase section */

/* Begin PBXVariantGroup section */
		3C2C4A231F6D2A540091F4D8 /* Main.storyboard */ = {
			isa = PBXVariantGroup;
			children = (
				3C2C4A241F6D2A540091F4D8 /* Base */,
			);
			name = Main.storyboard;
			sourceTree = "<group>";
		};
		3C2C4A281F6D2A540091F4D8 /* LaunchScreen.storyboard */ = {
			isa = PBXVariantGroup;
			children = (
				3C2C4A291F6D2A540091F4D8 /* Base */,
			);
			name = LaunchScreen.storyboard;
			sourceTree = "<group>";
		};
/* End PBXVariantGroup section */

/* Begin XCBuildConfiguration section */
		3C2C4A2C1F6D2A540091F4D8 /* Debug */ = {
			isa = XCBuildConfiguration;
			buildSettings = {
				ALWAYS_SEARCH_USER_PATHS = NO;
				CLANG_ANALYZER_NONNULL = YES;
				CLANG_ANALYZER_NUMBER_OBJECT_CONVERSION = YES_AGGRESSIVE;
				CLANG_CXX_LANGUAGE_STANDARD = "gnu++0x";
				CLANG_CXX_LIBRARY = "libc++";
				CLANG_ENABLE_MODULES = YES;
				CLANG_ENABLE_OBJC_ARC = YES;
				CLANG_WARN_BOOL_CONVERSION = YES;
				CLANG_WARN_CONSTANT_CONVERSION = YES;
				CLANG_WARN_DIRECT_OBJC_ISA_USAGE = YES_ERROR;
				CLANG_WARN_DOCUMENTATION_COMMENTS = YES;
				CLANG_WARN_EMPTY_BODY = YES;
				CLANG_WARN_ENUM_CONVERSION = YES;
				CLANG_WARN_INFINITE_RECURSION = YES;
				CLANG_WARN_INT_CONVERSION = YES;
				CLANG_WARN_OBJC_ROOT_CLASS = YES_ERROR;
				CLANG_WARN_SUSPICIOUS_MOVE = YES;
				CLANG_WARN_UNREACHABLE_CODE = YES;
				CLANG_WARN__DUPLICATE_METHOD_MATCH = YES;
				"CODE_SIGN_IDENTITY[sdk=iphoneos*]" = "iPhone Developer";
				COPY_PHASE_STRIP = NO;
				DEBUG_INFORMATION_FORMAT = dwarf;
				ENABLE_STRICT_OBJC_MSGSEND = YES;
				ENABLE_TESTABILITY = YES;
				GCC_C_LANGUAGE_STANDARD = gnu99;
				GCC_DYNAMIC_NO_PIC = NO;
				GCC_NO_COMMON_BLOCKS = YES;
				GCC_OPTIMIZATION_LEVEL = 0;
				GCC_PREPROCESSOR_DEFINITIONS = (
					"DEBUG=1",
					"$(inherited)",
				);
				GCC_WARN_64_TO_32_BIT_CONVERSION = YES;
				GCC_WARN_ABOUT_RETURN_TYPE = YES_ERROR;
				GCC_WARN_UNDECLARED_SELECTOR = YES;
				GCC_WARN_UNINITIALIZED_AUTOS = YES_AGGRESSIVE;
				GCC_WARN_UNUSED_FUNCTION = YES;
				GCC_WARN_UNUSED_VARIABLE = YES;
				IPHONEOS_DEPLOYMENT_TARGET = 10.3;
				MTL_ENABLE_DEBUG_INFO = YES;
				ONLY_ACTIVE_ARCH = YES;
				SDKROOT = iphoneos;
				SWIFT_ACTIVE_COMPILATION_CONDITIONS = DEBUG;
				SWIFT_OPTIMIZATION_LEVEL = "-Onone";
				TARGETED_DEVICE_FAMILY = "1,2";
			};
			name = Debug;
		};
		3C2C4A2D1F6D2A540091F4D8 /* Release */ = {
			isa = XCBuildConfiguration;
			buildSettings = {
				ALWAYS_SEARCH_USER_PATHS = NO;
				CLANG_ANALYZER_NONNULL = YES;
				CLANG_ANALYZER_NUMBER_OBJECT_CONVERSION = YES_AGGRESSIVE;
				CLANG_CXX_LANGUAGE_STANDARD = "gnu++0x";
				CLANG_CXX_LIBRARY = "libc++";
				CLANG_ENABLE_MODULES = YES;
				CLANG_ENABLE_OBJC_ARC = YES;
				CLANG_WARN_BOOL_CONVERSION = YES;
				CLANG_WARN_CONSTANT_CONVERSION = YES;
				CLANG_WARN_DIRECT_OBJC_ISA_USAGE = YES_ERROR;
				CLANG_WARN_DOCUMENTATION_COMMENTS = YES;
				CLANG_WARN_EMPTY_BODY = YES;
				CLANG_WARN_ENUM_CONVERSION = YES;
				CLANG_WARN_INFINITE_RECURSION = YES;
				CLANG_WARN_INT_CONVERSION = YES;
				CLANG_WARN_OBJC_ROOT_CLASS = YES_ERROR;
				CLANG_WARN_SUSPICIOUS_MOVE = YES;
				CLANG_WARN_UNREACHABLE_CODE = YES;
				CLANG_WARN__DUPLICATE_METHOD_MATCH = YES;
				"CODE_SIGN_IDENTITY[sdk=iphoneos*]" = "iPhone Developer";
				COPY_PHASE_STRIP = NO;
				DEBUG_INFORMATION_FORMAT = "dwarf-with-dsym";
				ENABLE_NS_ASSERTIONS = NO;
				ENABLE_STRICT_OBJC_MSGSEND = YES;
				GCC_C_LANGUAGE_STANDARD = gnu99;
				GCC_NO_COMMON_BLOCKS = YES;
				GCC_WARN_64_TO_32_BIT_CONVERSION = YES;
				GCC_WARN_ABOUT_RETURN_TYPE = YES_ERROR;
				GCC_WARN_UNDECLARED_SELECTOR = YES;
				GCC_WARN_UNINITIALIZED_AUTOS = YES_AGGRESSIVE;
				GCC_WARN_UNUSED_FUNCTION = YES;
				GCC_WARN_UNUSED_VARIABLE = YES;
				IPHONEOS_DEPLOYMENT_TARGET = 10.3;
				MTL_ENABLE_DEBUG_INFO = NO;
				SDKROOT = iphoneos;
				SWIFT_OPTIMIZATION_LEVEL = "-Owholemodule";
				TARGETED_DEVICE_FAMILY = "1,2";
				VALIDATE_PRODUCT = YES;
			};
			name = Release;
		};
		3C2C4A2F1F6D2A540091F4D8 /* Debug */ = {
			isa = XCBuildConfiguration;
			buildSettings = {
				ASSETCATALOG_COMPILER_APPICON_NAME = AppIcon;
				DEVELOPMENT_TEAM = KFNAAK48FE;
				INFOPLIST_FILE = OnTheMap/Info.plist;
				LD_RUNPATH_SEARCH_PATHS = "$(inherited) @executable_path/Frameworks";
				PRODUCT_BUNDLE_IDENTIFIER = com.cotery.OnTheMap;
				PRODUCT_NAME = "$(TARGET_NAME)";
				SWIFT_VERSION = 3.0;
			};
			name = Debug;
		};
		3C2C4A301F6D2A540091F4D8 /* Release */ = {
			isa = XCBuildConfiguration;
			buildSettings = {
				ASSETCATALOG_COMPILER_APPICON_NAME = AppIcon;
				DEVELOPMENT_TEAM = KFNAAK48FE;
				INFOPLIST_FILE = OnTheMap/Info.plist;
				LD_RUNPATH_SEARCH_PATHS = "$(inherited) @executable_path/Frameworks";
				PRODUCT_BUNDLE_IDENTIFIER = com.cotery.OnTheMap;
				PRODUCT_NAME = "$(TARGET_NAME)";
				SWIFT_VERSION = 3.0;
			};
			name = Release;
		};
/* End XCBuildConfiguration section */

/* Begin XCConfigurationList section */
		3C2C4A171F6D2A530091F4D8 /* Build configuration list for PBXProject "OnTheMap" */ = {
			isa = XCConfigurationList;
			buildConfigurations = (
				3C2C4A2C1F6D2A540091F4D8 /* Debug */,
				3C2C4A2D1F6D2A540091F4D8 /* Release */,
			);
			defaultConfigurationIsVisible = 0;
			defaultConfigurationName = Release;
		};
		3C2C4A2E1F6D2A540091F4D8 /* Build configuration list for PBXNativeTarget "OnTheMap" */ = {
			isa = XCConfigurationList;
			buildConfigurations = (
				3C2C4A2F1F6D2A540091F4D8 /* Debug */,
				3C2C4A301F6D2A540091F4D8 /* Release */,
			);
			defaultConfigurationIsVisible = 0;
		};
/* End XCConfigurationList section */
	};
	rootObject = 3C2C4A141F6D2A530091F4D8 /* Project object */;
}
